// !$*UTF8*$!
{
	archiveVersion = 1;
	classes = {
	};
	objectVersion = 46;
	objects = {

/* Begin PBXBuildFile section */
		443EF0EF1B2444AB004A4777 /* main.m in Sources */ = {isa = PBXBuildFile; fileRef = 443EF0EE1B2444AB004A4777 /* main.m */; };
		443EF0F21B2444AB004A4777 /* AppDelegate.m in Sources */ = {isa = PBXBuildFile; fileRef = 443EF0F11B2444AB004A4777 /* AppDelegate.m */; };
		443EF0F51B2444AB004A4777 /* OpenHome.xcdatamodeld in Sources */ = {isa = PBXBuildFile; fileRef = 443EF0F31B2444AB004A4777 /* OpenHome.xcdatamodeld */; };
		443EF0F81B2444AB004A4777 /* ViewController.m in Sources */ = {isa = PBXBuildFile; fileRef = 443EF0F71B2444AB004A4777 /* ViewController.m */; };
		443EF0FB1B2444AB004A4777 /* Main.storyboard in Resources */ = {isa = PBXBuildFile; fileRef = 443EF0F91B2444AB004A4777 /* Main.storyboard */; };
		443EF0FD1B2444AB004A4777 /* Images.xcassets in Resources */ = {isa = PBXBuildFile; fileRef = 443EF0FC1B2444AB004A4777 /* Images.xcassets */; };
		443EF1001B2444AB004A4777 /* LaunchScreen.xib in Resources */ = {isa = PBXBuildFile; fileRef = 443EF0FE1B2444AB004A4777 /* LaunchScreen.xib */; };
		443EF10C1B2444AC004A4777 /* OpenHomeTests.m in Sources */ = {isa = PBXBuildFile; fileRef = 443EF10B1B2444AC004A4777 /* OpenHomeTests.m */; };
/* End PBXBuildFile section */

/* Begin PBXContainerItemProxy section */
		443EF1061B2444AC004A4777 /* PBXContainerItemProxy */ = {
			isa = PBXContainerItemProxy;
			containerPortal = 443EF0E11B2444AB004A4777 /* Project object */;
			proxyType = 1;
			remoteGlobalIDString = 443EF0E81B2444AB004A4777;
			remoteInfo = OpenHome;
		};
/* End PBXContainerItemProxy section */

/* Begin PBXFileReference section */
		443EF0E91B2444AB004A4777 /* OpenHome.app */ = {isa = PBXFileReference; explicitFileType = wrapper.application; includeInIndex = 0; path = OpenHome.app; sourceTree = BUILT_PRODUCTS_DIR; };
		443EF0ED1B2444AB004A4777 /* Info.plist */ = {isa = PBXFileReference; lastKnownFileType = text.plist.xml; path = Info.plist; sourceTree = "<group>"; };
		443EF0EE1B2444AB004A4777 /* main.m */ = {isa = PBXFileReference; lastKnownFileType = sourcecode.c.objc; path = main.m; sourceTree = "<group>"; };
		443EF0F01B2444AB004A4777 /* AppDelegate.h */ = {isa = PBXFileReference; lastKnownFileType = sourcecode.c.h; path = AppDelegate.h; sourceTree = "<group>"; };
		443EF0F11B2444AB004A4777 /* AppDelegate.m */ = {isa = PBXFileReference; lastKnownFileType = sourcecode.c.objc; path = AppDelegate.m; sourceTree = "<group>"; };
		443EF0F41B2444AB004A4777 /* OpenHome.xcdatamodel */ = {isa = PBXFileReference; lastKnownFileType = wrapper.xcdatamodel; path = OpenHome.xcdatamodel; sourceTree = "<group>"; };
		443EF0F61B2444AB004A4777 /* ViewController.h */ = {isa = PBXFileReference; lastKnownFileType = sourcecode.c.h; path = ViewController.h; sourceTree = "<group>"; };
		443EF0F71B2444AB004A4777 /* ViewController.m */ = {isa = PBXFileReference; lastKnownFileType = sourcecode.c.objc; path = ViewController.m; sourceTree = "<group>"; };
		443EF0FA1B2444AB004A4777 /* Base */ = {isa = PBXFileReference; lastKnownFileType = file.storyboard; name = Base; path = Base.lproj/Main.storyboard; sourceTree = "<group>"; };
		443EF0FC1B2444AB004A4777 /* Images.xcassets */ = {isa = PBXFileReference; lastKnownFileType = folder.assetcatalog; path = Images.xcassets; sourceTree = "<group>"; };
		443EF0FF1B2444AB004A4777 /* Base */ = {isa = PBXFileReference; lastKnownFileType = file.xib; name = Base; path = Base.lproj/LaunchScreen.xib; sourceTree = "<group>"; };
		443EF1051B2444AC004A4777 /* OpenHomeTests.xctest */ = {isa = PBXFileReference; explicitFileType = wrapper.cfbundle; includeInIndex = 0; path = OpenHomeTests.xctest; sourceTree = BUILT_PRODUCTS_DIR; };
		443EF10A1B2444AC004A4777 /* Info.plist */ = {isa = PBXFileReference; lastKnownFileType = text.plist.xml; path = Info.plist; sourceTree = "<group>"; };
		443EF10B1B2444AC004A4777 /* OpenHomeTests.m */ = {isa = PBXFileReference; lastKnownFileType = sourcecode.c.objc; path = OpenHomeTests.m; sourceTree = "<group>"; };
/* End PBXFileReference section */

/* Begin PBXFrameworksBuildPhase section */
		443EF0E61B2444AB004A4777 /* Frameworks */ = {
			isa = PBXFrameworksBuildPhase;
			buildActionMask = 2147483647;
			files = (
			);
			runOnlyForDeploymentPostprocessing = 0;
		};
		443EF1021B2444AC004A4777 /* Frameworks */ = {
			isa = PBXFrameworksBuildPhase;
			buildActionMask = 2147483647;
			files = (
			);
			runOnlyForDeploymentPostprocessing = 0;
		};
/* End PBXFrameworksBuildPhase section */

/* Begin PBXGroup section */
		443EF0E01B2444AB004A4777 = {
			isa = PBXGroup;
			children = (
				443EF0EB1B2444AB004A4777 /* OpenHome */,
				443EF1081B2444AC004A4777 /* OpenHomeTests */,
				443EF0EA1B2444AB004A4777 /* Products */,
			);
			sourceTree = "<group>";
		};
		443EF0EA1B2444AB004A4777 /* Products */ = {
			isa = PBXGroup;
			children = (
				443EF0E91B2444AB004A4777 /* OpenHome.app */,
				443EF1051B2444AC004A4777 /* OpenHomeTests.xctest */,
			);
			name = Products;
			sourceTree = "<group>";
		};
		443EF0EB1B2444AB004A4777 /* OpenHome */ = {
			isa = PBXGroup;
			children = (
				443EF0F01B2444AB004A4777 /* AppDelegate.h */,
				443EF0F11B2444AB004A4777 /* AppDelegate.m */,
				443EF0F61B2444AB004A4777 /* ViewController.h */,
				443EF0F71B2444AB004A4777 /* ViewController.m */,
				443EF0F91B2444AB004A4777 /* Main.storyboard */,
				443EF0FC1B2444AB004A4777 /* Images.xcassets */,
				443EF0FE1B2444AB004A4777 /* LaunchScreen.xib */,
				443EF0F31B2444AB004A4777 /* OpenHome.xcdatamodeld */,
				443EF0EC1B2444AB004A4777 /* Supporting Files */,
			);
			path = OpenHome;
			sourceTree = "<group>";
		};
		443EF0EC1B2444AB004A4777 /* Supporting Files */ = {
			isa = PBXGroup;
			children = (
				443EF0ED1B2444AB004A4777 /* Info.plist */,
				443EF0EE1B2444AB004A4777 /* main.m */,
			);
			name = "Supporting Files";
			sourceTree = "<group>";
		};
		443EF1081B2444AC004A4777 /* OpenHomeTests */ = {
			isa = PBXGroup;
			children = (
				443EF10B1B2444AC004A4777 /* OpenHomeTests.m */,
				443EF1091B2444AC004A4777 /* Supporting Files */,
			);
			path = OpenHomeTests;
			sourceTree = "<group>";
		};
		443EF1091B2444AC004A4777 /* Supporting Files */ = {
			isa = PBXGroup;
			children = (
				443EF10A1B2444AC004A4777 /* Info.plist */,
			);
			name = "Supporting Files";
			sourceTree = "<group>";
		};
/* End PBXGroup section */

/* Begin PBXNativeTarget section */
		443EF0E81B2444AB004A4777 /* OpenHome */ = {
			isa = PBXNativeTarget;
			buildConfigurationList = 443EF10F1B2444AC004A4777 /* Build configuration list for PBXNativeTarget "OpenHome" */;
			buildPhases = (
				443EF0E51B2444AB004A4777 /* Sources */,
				443EF0E61B2444AB004A4777 /* Frameworks */,
				443EF0E71B2444AB004A4777 /* Resources */,
			);
			buildRules = (
			);
			dependencies = (
			);
			name = OpenHome;
			productName = OpenHome;
			productReference = 443EF0E91B2444AB004A4777 /* OpenHome.app */;
			productType = "com.apple.product-type.application";
		};
		443EF1041B2444AC004A4777 /* OpenHomeTests */ = {
			isa = PBXNativeTarget;
			buildConfigurationList = 443EF1121B2444AC004A4777 /* Build configuration list for PBXNativeTarget "OpenHomeTests" */;
			buildPhases = (
				443EF1011B2444AC004A4777 /* Sources */,
				443EF1021B2444AC004A4777 /* Frameworks */,
				443EF1031B2444AC004A4777 /* Resources */,
			);
			buildRules = (
			);
			dependencies = (
				443EF1071B2444AC004A4777 /* PBXTargetDependency */,
			);
			name = OpenHomeTests;
			productName = OpenHomeTests;
			productReference = 443EF1051B2444AC004A4777 /* OpenHomeTests.xctest */;
			productType = "com.apple.product-type.bundle.unit-test";
		};
/* End PBXNativeTarget section */

/* Begin PBXProject section */
		443EF0E11B2444AB004A4777 /* Project object */ = {
			isa = PBXProject;
			attributes = {
				LastUpgradeCheck = 0630;
				ORGANIZATIONNAME = "Bo Software";
				TargetAttributes = {
					443EF0E81B2444AB004A4777 = {
						CreatedOnToolsVersion = 6.3;
					};
					443EF1041B2444AC004A4777 = {
						CreatedOnToolsVersion = 6.3;
						TestTargetID = 443EF0E81B2444AB004A4777;
					};
				};
			};
			buildConfigurationList = 443EF0E41B2444AB004A4777 /* Build configuration list for PBXProject "OpenHome" */;
			compatibilityVersion = "Xcode 3.2";
			developmentRegion = English;
			hasScannedForEncodings = 0;
			knownRegions = (
				en,
				Base,
			);
			mainGroup = 443EF0E01B2444AB004A4777;
			productRefGroup = 443EF0EA1B2444AB004A4777 /* Products */;
			projectDirPath = "";
			projectRoot = "";
			targets = (
				443EF0E81B2444AB004A4777 /* OpenHome */,
				443EF1041B2444AC004A4777 /* OpenHomeTests */,
			);
		};
/* End PBXProject section */

/* Begin PBXResourcesBuildPhase section */
		443EF0E71B2444AB004A4777 /* Resources */ = {
			isa = PBXResourcesBuildPhase;
			buildActionMask = 2147483647;
			files = (
				443EF0FB1B2444AB004A4777 /* Main.storyboard in Resources */,
				443EF1001B2444AB004A4777 /* LaunchScreen.xib in Resources */,
				443EF0FD1B2444AB004A4777 /* Images.xcassets in Resources */,
			);
			runOnlyForDeploymentPostprocessing = 0;
		};
		443EF1031B2444AC004A4777 /* Resources */ = {
			isa = PBXResourcesBuildPhase;
			buildActionMask = 2147483647;
			files = (
			);
			runOnlyForDeploymentPostprocessing = 0;
		};
/* End PBXResourcesBuildPhase section */

/* Begin PBXSourcesBuildPhase section */
		443EF0E51B2444AB004A4777 /* Sources */ = {
			isa = PBXSourcesBuildPhase;
			buildActionMask = 2147483647;
			files = (
				443EF0F21B2444AB004A4777 /* AppDelegate.m in Sources */,
				443EF0F51B2444AB004A4777 /* OpenHome.xcdatamodeld in Sources */,
				443EF0F81B2444AB004A4777 /* ViewController.m in Sources */,
				443EF0EF1B2444AB004A4777 /* main.m in Sources */,
			);
			runOnlyForDeploymentPostprocessing = 0;
		};
		443EF1011B2444AC004A4777 /* Sources */ = {
			isa = PBXSourcesBuildPhase;
			buildActionMask = 2147483647;
			files = (
				443EF10C1B2444AC004A4777 /* OpenHomeTests.m in Sources */,
			);
			runOnlyForDeploymentPostprocessing = 0;
		};
/* End PBXSourcesBuildPhase section */

/* Begin PBXTargetDependency section */
		443EF1071B2444AC004A4777 /* PBXTargetDependency */ = {
			isa = PBXTargetDependency;
			target = 443EF0E81B2444AB004A4777 /* OpenHome */;
			targetProxy = 443EF1061B2444AC004A4777 /* PBXContainerItemProxy */;
		};
/* End PBXTargetDependency section */

/* Begin PBXVariantGroup section */
		443EF0F91B2444AB004A4777 /* Main.storyboard */ = {
			isa = PBXVariantGroup;
			children = (
				443EF0FA1B2444AB004A4777 /* Base */,
			);
			name = Main.storyboard;
			sourceTree = "<group>";
		};
		443EF0FE1B2444AB004A4777 /* LaunchScreen.xib */ = {
			isa = PBXVariantGroup;
			children = (
				443EF0FF1B2444AB004A4777 /* Base */,
			);
			name = LaunchScreen.xib;
			sourceTree = "<group>";
		};
/* End PBXVariantGroup section */

/* Begin XCBuildConfiguration section */
		443EF10D1B2444AC004A4777 /* Debug */ = {
			isa = XCBuildConfiguration;
			buildSettings = {
				ALWAYS_SEARCH_USER_PATHS = NO;
				CLANG_CXX_LANGUAGE_STANDARD = "gnu++0x";
				CLANG_CXX_LIBRARY = "libc++";
				CLANG_ENABLE_MODULES = YES;
				CLANG_ENABLE_OBJC_ARC = YES;
				CLANG_WARN_BOOL_CONVERSION = YES;
				CLANG_WARN_CONSTANT_CONVERSION = YES;
				CLANG_WARN_DIRECT_OBJC_ISA_USAGE = YES_ERROR;
				CLANG_WARN_EMPTY_BODY = YES;
				CLANG_WARN_ENUM_CONVERSION = YES;
				CLANG_WARN_INT_CONVERSION = YES;
				CLANG_WARN_OBJC_ROOT_CLASS = YES_ERROR;
				CLANG_WARN_UNREACHABLE_CODE = YES;
				CLANG_WARN__DUPLICATE_METHOD_MATCH = YES;
				"CODE_SIGN_IDENTITY[sdk=iphoneos*]" = "iPhone Developer";
				COPY_PHASE_STRIP = NO;
				DEBUG_INFORMATION_FORMAT = "dwarf-with-dsym";
				ENABLE_STRICT_OBJC_MSGSEND = YES;
				GCC_C_LANGUAGE_STANDARD = gnu99;
				GCC_DYNAMIC_NO_PIC = NO;
				GCC_NO_COMMON_BLOCKS = YES;
				GCC_OPTIMIZATION_LEVEL = 0;
				GCC_PREPROCESSOR_DEFINITIONS = (
					"DEBUG=1",
					"$(inherited)",
				);
				GCC_SYMBOLS_PRIVATE_EXTERN = NO;
				GCC_WARN_64_TO_32_BIT_CONVERSION = YES;
				GCC_WARN_ABOUT_RETURN_TYPE = YES_ERROR;
				GCC_WARN_UNDECLARED_SELECTOR = YES;
				GCC_WARN_UNINITIALIZED_AUTOS = YES_AGGRESSIVE;
				GCC_WARN_UNUSED_FUNCTION = YES;
				GCC_WARN_UNUSED_VARIABLE = YES;
				IPHONEOS_DEPLOYMENT_TARGET = 8.3;
				MTL_ENABLE_DEBUG_INFO = YES;
				ONLY_ACTIVE_ARCH = YES;
				SDKROOT = iphoneos;
				TARGETED_DEVICE_FAMILY = "1,2";
			};
			name = Debug;
		};
		443EF10E1B2444AC004A4777 /* Release */ = {
			isa = XCBuildConfiguration;
			buildSettings = {
				ALWAYS_SEARCH_USER_PATHS = NO;
				CLANG_CXX_LANGUAGE_STANDARD = "gnu++0x";
				CLANG_CXX_LIBRARY = "libc++";
				CLANG_ENABLE_MODULES = YES;
				CLANG_ENABLE_OBJC_ARC = YES;
				CLANG_WARN_BOOL_CONVERSION = YES;
				CLANG_WARN_CONSTANT_CONVERSION = YES;
				CLANG_WARN_DIRECT_OBJC_ISA_USAGE = YES_ERROR;
				CLANG_WARN_EMPTY_BODY = YES;
				CLANG_WARN_ENUM_CONVERSION = YES;
				CLANG_WARN_INT_CONVERSION = YES;
				CLANG_WARN_OBJC_ROOT_CLASS = YES_ERROR;
				CLANG_WARN_UNREACHABLE_CODE = YES;
				CLANG_WARN__DUPLICATE_METHOD_MATCH = YES;
				"CODE_SIGN_IDENTITY[sdk=iphoneos*]" = "iPhone Developer";
				COPY_PHASE_STRIP = NO;
				DEBUG_INFORMATION_FORMAT = "dwarf-with-dsym";
				ENABLE_NS_ASSERTIONS = NO;
				ENABLE_STRICT_OBJC_MSGSEND = YES;
				GCC_C_LANGUAGE_STANDARD = gnu99;
				GCC_NO_COMMON_BLOCKS = YES;
				GCC_WARN_64_TO_32_BIT_CONVERSION = YES;
				GCC_WARN_ABOUT_RETURN_TYPE = YES_ERROR;
				GCC_WARN_UNDECLARED_SELECTOR = YES;
				GCC_WARN_UNINITIALIZED_AUTOS = YES_AGGRESSIVE;
				GCC_WARN_UNUSED_FUNCTION = YES;
				GCC_WARN_UNUSED_VARIABLE = YES;
				IPHONEOS_DEPLOYMENT_TARGET = 8.3;
				MTL_ENABLE_DEBUG_INFO = NO;
				SDKROOT = iphoneos;
				TARGETED_DEVICE_FAMILY = "1,2";
				VALIDATE_PRODUCT = YES;
			};
			name = Release;
		};
		443EF1101B2444AC004A4777 /* Debug */ = {
			isa = XCBuildConfiguration;
			buildSettings = {
				ASSETCATALOG_COMPILER_APPICON_NAME = AppIcon;
				INFOPLIST_FILE = OpenHome/Info.plist;
				LD_RUNPATH_SEARCH_PATHS = "$(inherited) @executable_path/Frameworks";
				PRODUCT_NAME = "$(TARGET_NAME)";
			};
			name = Debug;
		};
		443EF1111B2444AC004A4777 /* Release */ = {
			isa = XCBuildConfiguration;
			buildSettings = {
				ASSETCATALOG_COMPILER_APPICON_NAME = AppIcon;
				INFOPLIST_FILE = OpenHome/Info.plist;
				LD_RUNPATH_SEARCH_PATHS = "$(inherited) @executable_path/Frameworks";
				PRODUCT_NAME = "$(TARGET_NAME)";
			};
			name = Release;
		};
		443EF1131B2444AC004A4777 /* Debug */ = {
			isa = XCBuildConfiguration;
			buildSettings = {
				BUNDLE_LOADER = "$(TEST_HOST)";
				FRAMEWORK_SEARCH_PATHS = (
					"$(SDKROOT)/Developer/Library/Frameworks",
					"$(inherited)",
				);
				GCC_PREPROCESSOR_DEFINITIONS = (
					"DEBUG=1",
					"$(inherited)",
				);
				INFOPLIST_FILE = OpenHomeTests/Info.plist;
				LD_RUNPATH_SEARCH_PATHS = "$(inherited) @executable_path/Frameworks @loader_path/Frameworks";
				PRODUCT_NAME = "$(TARGET_NAME)";
				TEST_HOST = "$(BUILT_PRODUCTS_DIR)/OpenHome.app/OpenHome";
			};
			name = Debug;
		};
		443EF1141B2444AC004A4777 /* Release */ = {
			isa = XCBuildConfiguration;
			buildSettings = {
				BUNDLE_LOADER = "$(TEST_HOST)";
				FRAMEWORK_SEARCH_PATHS = (
					"$(SDKROOT)/Developer/Library/Frameworks",
					"$(inherited)",
				);
				INFOPLIST_FILE = OpenHomeTests/Info.plist;
				LD_RUNPATH_SEARCH_PATHS = "$(inherited) @executable_path/Frameworks @loader_path/Frameworks";
				PRODUCT_NAME = "$(TARGET_NAME)";
				TEST_HOST = "$(BUILT_PRODUCTS_DIR)/OpenHome.app/OpenHome";
			};
			name = Release;
		};
/* End XCBuildConfiguration section */

/* Begin XCConfigurationList section */
		443EF0E41B2444AB004A4777 /* Build configuration list for PBXProject "OpenHome" */ = {
			isa = XCConfigurationList;
			buildConfigurations = (
				443EF10D1B2444AC004A4777 /* Debug */,
				443EF10E1B2444AC004A4777 /* Release */,
			);
			defaultConfigurationIsVisible = 0;
			defaultConfigurationName = Release;
		};
		443EF10F1B2444AC004A4777 /* Build configuration list for PBXNativeTarget "OpenHome" */ = {
			isa = XCConfigurationList;
			buildConfigurations = (
				443EF1101B2444AC004A4777 /* Debug */,
				443EF1111B2444AC004A4777 /* Release */,
			);
			defaultConfigurationIsVisible = 0;
		};
		443EF1121B2444AC004A4777 /* Build configuration list for PBXNativeTarget "OpenHomeTests" */ = {
			isa = XCConfigurationList;
			buildConfigurations = (
				443EF1131B2444AC004A4777 /* Debug */,
				443EF1141B2444AC004A4777 /* Release */,
			);
			defaultConfigurationIsVisible = 0;
		};
/* End XCConfigurationList section */

/* Begin XCVersionGroup section */
		443EF0F31B2444AB004A4777 /* OpenHome.xcdatamodeld */ = {
			isa = XCVersionGroup;
			children = (
				443EF0F41B2444AB004A4777 /* OpenHome.xcdatamodel */,
			);
			currentVersion = 443EF0F41B2444AB004A4777 /* OpenHome.xcdatamodel */;
			path = OpenHome.xcdatamodeld;
			sourceTree = "<group>";
			versionGroupType = wrapper.xcdatamodel;
		};
/* End XCVersionGroup section */
	};
	rootObject = 443EF0E11B2444AB004A4777 /* Project object */;
}
